// !$*UTF8*$!
{
	archiveVersion = 1;
	classes = {
	};
	objectVersion = 55;
	objects = {

/* Begin PBXBuildFile section */
		93987E13284B72F200A7A602 /* KeychainAccess in Frameworks */ = {isa = PBXBuildFile; productRef = 93987E12284B72F200A7A602 /* KeychainAccess */; };
		93987E15284B757B00A7A602 /* AuthViewController.swift in Sources */ = {isa = PBXBuildFile; fileRef = 93987E14284B757B00A7A602 /* AuthViewController.swift */; };
		93987E17284B762900A7A602 /* DriveFolderTableViewController.swift in Sources */ = {isa = PBXBuildFile; fileRef = 93987E16284B762900A7A602 /* DriveFolderTableViewController.swift */; };
		93987E19284B806700A7A602 /* google-oauth.plist in Resources */ = {isa = PBXBuildFile; fileRef = 93987E18284B806700A7A602 /* google-oauth.plist */; };
		93987E1B284B8E3500A7A602 /* GoogleOauth.swift in Sources */ = {isa = PBXBuildFile; fileRef = 93987E1A284B8E3500A7A602 /* GoogleOauth.swift */; };
		93987E1D284B970100A7A602 /* KeychainManager.swift in Sources */ = {isa = PBXBuildFile; fileRef = 93987E1C284B970100A7A602 /* KeychainManager.swift */; };
		93987E1F284B9BFF00A7A602 /* GoogleDriveClient.swift in Sources */ = {isa = PBXBuildFile; fileRef = 93987E1E284B9BFF00A7A602 /* GoogleDriveClient.swift */; };
		93987E21284B9E0300A7A602 /* About.swift in Sources */ = {isa = PBXBuildFile; fileRef = 93987E20284B9E0200A7A602 /* About.swift */; };
		93987E23284BA92C00A7A602 /* ListFilesEndpoint.swift in Sources */ = {isa = PBXBuildFile; fileRef = 93987E22284BA92C00A7A602 /* ListFilesEndpoint.swift */; };
		93987E25284BAEF900A7A602 /* HTTPStatusCode.swift in Sources */ = {isa = PBXBuildFile; fileRef = 93987E24284BAEF900A7A602 /* HTTPStatusCode.swift */; };
		93BAAEB3284BE0A7008659B4 /* MimeType.swift in Sources */ = {isa = PBXBuildFile; fileRef = 93BAAEB2284BE0A7008659B4 /* MimeType.swift */; };
		93BAAEB5284BE0D5008659B4 /* File.swift in Sources */ = {isa = PBXBuildFile; fileRef = 93BAAEB4284BE0D5008659B4 /* File.swift */; };
		93BAAEB8284BE14E008659B4 /* ExchangeAuthCodeForTokenEndpoint.swift in Sources */ = {isa = PBXBuildFile; fileRef = 93BAAEB7284BE14E008659B4 /* ExchangeAuthCodeForTokenEndpoint.swift */; };
		93BAAEBA284BE186008659B4 /* RefreshAccessEndpoint.swift in Sources */ = {isa = PBXBuildFile; fileRef = 93BAAEB9284BE186008659B4 /* RefreshAccessEndpoint.swift */; };
		93BAAEBC284BE1D1008659B4 /* Endpoint.swift in Sources */ = {isa = PBXBuildFile; fileRef = 93BAAEBB284BE1D1008659B4 /* Endpoint.swift */; };
		93BAAEBE284BE1EB008659B4 /* AboutEndpoint.swift in Sources */ = {isa = PBXBuildFile; fileRef = 93BAAEBD284BE1EB008659B4 /* AboutEndpoint.swift */; };
		93BAAEC0284BE249008659B4 /* HTTPMethod.swift in Sources */ = {isa = PBXBuildFile; fileRef = 93BAAEBF284BE249008659B4 /* HTTPMethod.swift */; };
		93BAAEC2284BE2AD008659B4 /* HTTPClient.swift in Sources */ = {isa = PBXBuildFile; fileRef = 93BAAEC1284BE2AD008659B4 /* HTTPClient.swift */; };
		93BAAEC5284BE346008659B4 /* Folder.swift in Sources */ = {isa = PBXBuildFile; fileRef = 93BAAEC4284BE346008659B4 /* Folder.swift */; };
		93BAAEC7284BE43F008659B4 /* ThumbnailCell.swift in Sources */ = {isa = PBXBuildFile; fileRef = 93BAAEC6284BE43F008659B4 /* ThumbnailCell.swift */; };
		93BAAECA284BE547008659B4 /* Kingfisher in Frameworks */ = {isa = PBXBuildFile; productRef = 93BAAEC9284BE547008659B4 /* Kingfisher */; };
		93BAAECC284BE7D8008659B4 /* UITableView+Utils.swift in Sources */ = {isa = PBXBuildFile; fileRef = 93BAAECB284BE7D8008659B4 /* UITableView+Utils.swift */; };
		93BAAECE284BF76B008659B4 /* DownloadFileEndpoint.swift in Sources */ = {isa = PBXBuildFile; fileRef = 93BAAECD284BF76B008659B4 /* DownloadFileEndpoint.swift */; };
		93BAAED0284CAB4F008659B4 /* ImageSyncManager.swift in Sources */ = {isa = PBXBuildFile; fileRef = 93BAAECF284CAB4F008659B4 /* ImageSyncManager.swift */; };
		93BAAED2284CB95D008659B4 /* SyncState.swift in Sources */ = {isa = PBXBuildFile; fileRef = 93BAAED1284CB95D008659B4 /* SyncState.swift */; };
		93BAAED4284D1996008659B4 /* GoogleService-Info.plist in Resources */ = {isa = PBXBuildFile; fileRef = 93BAAED3284D1995008659B4 /* GoogleService-Info.plist */; };
		93E174FA284D2DB7001A4B1A /* FirebaseAuth in Frameworks */ = {isa = PBXBuildFile; productRef = 93E174F9284D2DB7001A4B1A /* FirebaseAuth */; };
		93E174FC284D2DB7001A4B1A /* FirebaseDatabaseSwift in Frameworks */ = {isa = PBXBuildFile; productRef = 93E174FB284D2DB7001A4B1A /* FirebaseDatabaseSwift */; };
		93E17501284D316A001A4B1A /* GoogleSignIn in Frameworks */ = {isa = PBXBuildFile; productRef = 93E17500284D316A001A4B1A /* GoogleSignIn */; };
		93E17503284D3632001A4B1A /* AuthCoordinator.swift in Sources */ = {isa = PBXBuildFile; fileRef = 93E17502284D3632001A4B1A /* AuthCoordinator.swift */; };
		93E17506284D4448001A4B1A /* GoogleDriveAuth.swift in Sources */ = {isa = PBXBuildFile; fileRef = 93E17505284D4448001A4B1A /* GoogleDriveAuth.swift */; };
		93E17508284D448F001A4B1A /* FirebaseAuth.swift in Sources */ = {isa = PBXBuildFile; fileRef = 93E17507284D448F001A4B1A /* FirebaseAuth.swift */; };
		93E1750A284D44D1001A4B1A /* AuthProvider.swift in Sources */ = {isa = PBXBuildFile; fileRef = 93E17509284D44D1001A4B1A /* AuthProvider.swift */; };
		93F1ADF2284B6A5200A6621D /* AppDelegate.swift in Sources */ = {isa = PBXBuildFile; fileRef = 93F1ADF1284B6A5200A6621D /* AppDelegate.swift */; };
		93F1ADF4284B6A5200A6621D /* SceneDelegate.swift in Sources */ = {isa = PBXBuildFile; fileRef = 93F1ADF3284B6A5200A6621D /* SceneDelegate.swift */; };
		93F1ADFB284B6A5300A6621D /* Assets.xcassets in Resources */ = {isa = PBXBuildFile; fileRef = 93F1ADFA284B6A5300A6621D /* Assets.xcassets */; };
		93F1ADFE284B6A5300A6621D /* LaunchScreen.storyboard in Resources */ = {isa = PBXBuildFile; fileRef = 93F1ADFC284B6A5300A6621D /* LaunchScreen.storyboard */; };
		93F1AE09284B6A5300A6621D /* DrotoTests.swift in Sources */ = {isa = PBXBuildFile; fileRef = 93F1AE08284B6A5300A6621D /* DrotoTests.swift */; };
		93F1AE13284B6A5300A6621D /* DrotoUITests.swift in Sources */ = {isa = PBXBuildFile; fileRef = 93F1AE12284B6A5300A6621D /* DrotoUITests.swift */; };
		93F1AE15284B6A5300A6621D /* DrotoUITestsLaunchTests.swift in Sources */ = {isa = PBXBuildFile; fileRef = 93F1AE14284B6A5300A6621D /* DrotoUITestsLaunchTests.swift */; };
/* End PBXBuildFile section */

/* Begin PBXContainerItemProxy section */
		93F1AE05284B6A5300A6621D /* PBXContainerItemProxy */ = {
			isa = PBXContainerItemProxy;
			containerPortal = 93F1ADE6284B6A5200A6621D /* Project object */;
			proxyType = 1;
			remoteGlobalIDString = 93F1ADED284B6A5200A6621D;
			remoteInfo = Droto;
		};
		93F1AE0F284B6A5300A6621D /* PBXContainerItemProxy */ = {
			isa = PBXContainerItemProxy;
			containerPortal = 93F1ADE6284B6A5200A6621D /* Project object */;
			proxyType = 1;
			remoteGlobalIDString = 93F1ADED284B6A5200A6621D;
			remoteInfo = Droto;
		};
/* End PBXContainerItemProxy section */

/* Begin PBXFileReference section */
		93987E14284B757B00A7A602 /* AuthViewController.swift */ = {isa = PBXFileReference; lastKnownFileType = sourcecode.swift; path = AuthViewController.swift; sourceTree = "<group>"; };
		93987E16284B762900A7A602 /* DriveFolderTableViewController.swift */ = {isa = PBXFileReference; lastKnownFileType = sourcecode.swift; path = DriveFolderTableViewController.swift; sourceTree = "<group>"; };
		93987E18284B806700A7A602 /* google-oauth.plist */ = {isa = PBXFileReference; fileEncoding = 4; lastKnownFileType = text.plist.xml; path = "google-oauth.plist"; sourceTree = "<group>"; };
		93987E1A284B8E3500A7A602 /* GoogleOauth.swift */ = {isa = PBXFileReference; lastKnownFileType = sourcecode.swift; path = GoogleOauth.swift; sourceTree = "<group>"; };
		93987E1C284B970100A7A602 /* KeychainManager.swift */ = {isa = PBXFileReference; lastKnownFileType = sourcecode.swift; path = KeychainManager.swift; sourceTree = "<group>"; };
		93987E1E284B9BFF00A7A602 /* GoogleDriveClient.swift */ = {isa = PBXFileReference; lastKnownFileType = sourcecode.swift; path = GoogleDriveClient.swift; sourceTree = "<group>"; };
		93987E20284B9E0200A7A602 /* About.swift */ = {isa = PBXFileReference; lastKnownFileType = sourcecode.swift; path = About.swift; sourceTree = "<group>"; };
		93987E22284BA92C00A7A602 /* ListFilesEndpoint.swift */ = {isa = PBXFileReference; lastKnownFileType = sourcecode.swift; path = ListFilesEndpoint.swift; sourceTree = "<group>"; };
		93987E24284BAEF900A7A602 /* HTTPStatusCode.swift */ = {isa = PBXFileReference; lastKnownFileType = sourcecode.swift; path = HTTPStatusCode.swift; sourceTree = "<group>"; };
		93BAAEB2284BE0A7008659B4 /* MimeType.swift */ = {isa = PBXFileReference; lastKnownFileType = sourcecode.swift; path = MimeType.swift; sourceTree = "<group>"; };
		93BAAEB4284BE0D5008659B4 /* File.swift */ = {isa = PBXFileReference; lastKnownFileType = sourcecode.swift; path = File.swift; sourceTree = "<group>"; };
		93BAAEB7284BE14E008659B4 /* ExchangeAuthCodeForTokenEndpoint.swift */ = {isa = PBXFileReference; lastKnownFileType = sourcecode.swift; path = ExchangeAuthCodeForTokenEndpoint.swift; sourceTree = "<group>"; };
		93BAAEB9284BE186008659B4 /* RefreshAccessEndpoint.swift */ = {isa = PBXFileReference; lastKnownFileType = sourcecode.swift; path = RefreshAccessEndpoint.swift; sourceTree = "<group>"; };
		93BAAEBB284BE1D1008659B4 /* Endpoint.swift */ = {isa = PBXFileReference; lastKnownFileType = sourcecode.swift; path = Endpoint.swift; sourceTree = "<group>"; };
		93BAAEBD284BE1EB008659B4 /* AboutEndpoint.swift */ = {isa = PBXFileReference; lastKnownFileType = sourcecode.swift; path = AboutEndpoint.swift; sourceTree = "<group>"; };
		93BAAEBF284BE249008659B4 /* HTTPMethod.swift */ = {isa = PBXFileReference; lastKnownFileType = sourcecode.swift; path = HTTPMethod.swift; sourceTree = "<group>"; };
		93BAAEC1284BE2AD008659B4 /* HTTPClient.swift */ = {isa = PBXFileReference; lastKnownFileType = sourcecode.swift; path = HTTPClient.swift; sourceTree = "<group>"; };
		93BAAEC4284BE346008659B4 /* Folder.swift */ = {isa = PBXFileReference; lastKnownFileType = sourcecode.swift; path = Folder.swift; sourceTree = "<group>"; };
		93BAAEC6284BE43F008659B4 /* ThumbnailCell.swift */ = {isa = PBXFileReference; lastKnownFileType = sourcecode.swift; path = ThumbnailCell.swift; sourceTree = "<group>"; };
		93BAAECB284BE7D8008659B4 /* UITableView+Utils.swift */ = {isa = PBXFileReference; lastKnownFileType = sourcecode.swift; path = "UITableView+Utils.swift"; sourceTree = "<group>"; };
		93BAAECD284BF76B008659B4 /* DownloadFileEndpoint.swift */ = {isa = PBXFileReference; lastKnownFileType = sourcecode.swift; path = DownloadFileEndpoint.swift; sourceTree = "<group>"; };
		93BAAECF284CAB4F008659B4 /* ImageSyncManager.swift */ = {isa = PBXFileReference; lastKnownFileType = sourcecode.swift; path = ImageSyncManager.swift; sourceTree = "<group>"; };
		93BAAED1284CB95D008659B4 /* SyncState.swift */ = {isa = PBXFileReference; lastKnownFileType = sourcecode.swift; path = SyncState.swift; sourceTree = "<group>"; };
		93BAAED3284D1995008659B4 /* GoogleService-Info.plist */ = {isa = PBXFileReference; fileEncoding = 4; lastKnownFileType = text.plist.xml; path = "GoogleService-Info.plist"; sourceTree = "<group>"; };
		93E17502284D3632001A4B1A /* AuthCoordinator.swift */ = {isa = PBXFileReference; lastKnownFileType = sourcecode.swift; path = AuthCoordinator.swift; sourceTree = "<group>"; };
		93E17505284D4448001A4B1A /* GoogleDriveAuth.swift */ = {isa = PBXFileReference; lastKnownFileType = sourcecode.swift; path = GoogleDriveAuth.swift; sourceTree = "<group>"; };
		93E17507284D448F001A4B1A /* FirebaseAuth.swift */ = {isa = PBXFileReference; lastKnownFileType = sourcecode.swift; path = FirebaseAuth.swift; sourceTree = "<group>"; };
		93E17509284D44D1001A4B1A /* AuthProvider.swift */ = {isa = PBXFileReference; lastKnownFileType = sourcecode.swift; path = AuthProvider.swift; sourceTree = "<group>"; };
		93F1ADEE284B6A5200A6621D /* Droto.app */ = {isa = PBXFileReference; explicitFileType = wrapper.application; includeInIndex = 0; path = Droto.app; sourceTree = BUILT_PRODUCTS_DIR; };
		93F1ADF1284B6A5200A6621D /* AppDelegate.swift */ = {isa = PBXFileReference; lastKnownFileType = sourcecode.swift; path = AppDelegate.swift; sourceTree = "<group>"; };
		93F1ADF3284B6A5200A6621D /* SceneDelegate.swift */ = {isa = PBXFileReference; lastKnownFileType = sourcecode.swift; path = SceneDelegate.swift; sourceTree = "<group>"; };
		93F1ADFA284B6A5300A6621D /* Assets.xcassets */ = {isa = PBXFileReference; lastKnownFileType = folder.assetcatalog; path = Assets.xcassets; sourceTree = "<group>"; };
		93F1ADFD284B6A5300A6621D /* Base */ = {isa = PBXFileReference; lastKnownFileType = file.storyboard; name = Base; path = Base.lproj/LaunchScreen.storyboard; sourceTree = "<group>"; };
		93F1ADFF284B6A5300A6621D /* Info.plist */ = {isa = PBXFileReference; lastKnownFileType = text.plist.xml; path = Info.plist; sourceTree = "<group>"; };
		93F1AE04284B6A5300A6621D /* DrotoTests.xctest */ = {isa = PBXFileReference; explicitFileType = wrapper.cfbundle; includeInIndex = 0; path = DrotoTests.xctest; sourceTree = BUILT_PRODUCTS_DIR; };
		93F1AE08284B6A5300A6621D /* DrotoTests.swift */ = {isa = PBXFileReference; lastKnownFileType = sourcecode.swift; path = DrotoTests.swift; sourceTree = "<group>"; };
		93F1AE0E284B6A5300A6621D /* DrotoUITests.xctest */ = {isa = PBXFileReference; explicitFileType = wrapper.cfbundle; includeInIndex = 0; path = DrotoUITests.xctest; sourceTree = BUILT_PRODUCTS_DIR; };
		93F1AE12284B6A5300A6621D /* DrotoUITests.swift */ = {isa = PBXFileReference; lastKnownFileType = sourcecode.swift; path = DrotoUITests.swift; sourceTree = "<group>"; };
		93F1AE14284B6A5300A6621D /* DrotoUITestsLaunchTests.swift */ = {isa = PBXFileReference; lastKnownFileType = sourcecode.swift; path = DrotoUITestsLaunchTests.swift; sourceTree = "<group>"; };
/* End PBXFileReference section */

/* Begin PBXFrameworksBuildPhase section */
		93F1ADEB284B6A5200A6621D /* Frameworks */ = {
			isa = PBXFrameworksBuildPhase;
			buildActionMask = 2147483647;
			files = (
				93E174FC284D2DB7001A4B1A /* FirebaseDatabaseSwift in Frameworks */,
				93BAAECA284BE547008659B4 /* Kingfisher in Frameworks */,
				93E174FA284D2DB7001A4B1A /* FirebaseAuth in Frameworks */,
				93987E13284B72F200A7A602 /* KeychainAccess in Frameworks */,
				93E17501284D316A001A4B1A /* GoogleSignIn in Frameworks */,
			);
			runOnlyForDeploymentPostprocessing = 0;
		};
		93F1AE01284B6A5300A6621D /* Frameworks */ = {
			isa = PBXFrameworksBuildPhase;
			buildActionMask = 2147483647;
			files = (
			);
			runOnlyForDeploymentPostprocessing = 0;
		};
		93F1AE0B284B6A5300A6621D /* Frameworks */ = {
			isa = PBXFrameworksBuildPhase;
			buildActionMask = 2147483647;
			files = (
			);
			runOnlyForDeploymentPostprocessing = 0;
		};
/* End PBXFrameworksBuildPhase section */

/* Begin PBXGroup section */
		93987E11284B72F200A7A602 /* Frameworks */ = {
			isa = PBXGroup;
			children = (
			);
			name = Frameworks;
			sourceTree = "<group>";
		};
		93BAAEAE284BE038008659B4 /* App */ = {
			isa = PBXGroup;
			children = (
				93F1ADF1284B6A5200A6621D /* AppDelegate.swift */,
				93F1ADF3284B6A5200A6621D /* SceneDelegate.swift */,
			);
			path = App;
			sourceTree = "<group>";
		};
		93BAAEAF284BE05A008659B4 /* Google API */ = {
			isa = PBXGroup;
			children = (
				93BAAEB1284BE080008659B4 /* Endpoints */,
				93BAAEB0284BE078008659B4 /* Models */,
				93987E1A284B8E3500A7A602 /* GoogleOauth.swift */,
				93987E1E284B9BFF00A7A602 /* GoogleDriveClient.swift */,
			);
			path = "Google API";
			sourceTree = "<group>";
		};
		93BAAEB0284BE078008659B4 /* Models */ = {
			isa = PBXGroup;
			children = (
				93BAAEB4284BE0D5008659B4 /* File.swift */,
				93BAAEB2284BE0A7008659B4 /* MimeType.swift */,
				93987E20284B9E0200A7A602 /* About.swift */,
				93BAAED1284CB95D008659B4 /* SyncState.swift */,
				93BAAEC4284BE346008659B4 /* Folder.swift */,
			);
			path = Models;
			sourceTree = "<group>";
		};
		93BAAEB1284BE080008659B4 /* Endpoints */ = {
			isa = PBXGroup;
			children = (
				93BAAEB7284BE14E008659B4 /* ExchangeAuthCodeForTokenEndpoint.swift */,
				93BAAEB9284BE186008659B4 /* RefreshAccessEndpoint.swift */,
				93987E22284BA92C00A7A602 /* ListFilesEndpoint.swift */,
				93BAAEBD284BE1EB008659B4 /* AboutEndpoint.swift */,
				93BAAECD284BF76B008659B4 /* DownloadFileEndpoint.swift */,
			);
			path = Endpoints;
			sourceTree = "<group>";
		};
		93BAAEB6284BE107008659B4 /* Networking */ = {
			isa = PBXGroup;
			children = (
				93BAAEBB284BE1D1008659B4 /* Endpoint.swift */,
				93BAAEC1284BE2AD008659B4 /* HTTPClient.swift */,
				93BAAEBF284BE249008659B4 /* HTTPMethod.swift */,
				93987E24284BAEF900A7A602 /* HTTPStatusCode.swift */,
			);
			path = Networking;
			sourceTree = "<group>";
		};
		93BAAEC3284BE319008659B4 /* Resources */ = {
			isa = PBXGroup;
			children = (
				93F1ADFA284B6A5300A6621D /* Assets.xcassets */,
				93F1ADFC284B6A5300A6621D /* LaunchScreen.storyboard */,
				93F1ADFF284B6A5300A6621D /* Info.plist */,
				93987E18284B806700A7A602 /* google-oauth.plist */,
				93BAAED3284D1995008659B4 /* GoogleService-Info.plist */,
			);
			path = Resources;
			sourceTree = "<group>";
		};
		93E17504284D4414001A4B1A /* Auth */ = {
			isa = PBXGroup;
			children = (
				93E17509284D44D1001A4B1A /* AuthProvider.swift */,
				93E17502284D3632001A4B1A /* AuthCoordinator.swift */,
				93987E14284B757B00A7A602 /* AuthViewController.swift */,
				93E17507284D448F001A4B1A /* FirebaseAuth.swift */,
				93E17505284D4448001A4B1A /* GoogleDriveAuth.swift */,
			);
			path = Auth;
			sourceTree = "<group>";
		};
		93F1ADE5284B6A5200A6621D = {
			isa = PBXGroup;
			children = (
				93F1ADF0284B6A5200A6621D /* Droto */,
				93F1AE07284B6A5300A6621D /* DrotoTests */,
				93F1AE11284B6A5300A6621D /* DrotoUITests */,
				93F1ADEF284B6A5200A6621D /* Products */,
				93987E11284B72F200A7A602 /* Frameworks */,
			);
			sourceTree = "<group>";
		};
		93F1ADEF284B6A5200A6621D /* Products */ = {
			isa = PBXGroup;
			children = (
				93F1ADEE284B6A5200A6621D /* Droto.app */,
				93F1AE04284B6A5300A6621D /* DrotoTests.xctest */,
				93F1AE0E284B6A5300A6621D /* DrotoUITests.xctest */,
			);
			name = Products;
			sourceTree = "<group>";
		};
		93F1ADF0284B6A5200A6621D /* Droto */ = {
			isa = PBXGroup;
			children = (
				93E17504284D4414001A4B1A /* Auth */,
				93BAAEB6284BE107008659B4 /* Networking */,
				93BAAEAF284BE05A008659B4 /* Google API */,
				93BAAEAE284BE038008659B4 /* App */,
				93BAAECB284BE7D8008659B4 /* UITableView+Utils.swift */,
				93BAAEC6284BE43F008659B4 /* ThumbnailCell.swift */,
				93BAAECF284CAB4F008659B4 /* ImageSyncManager.swift */,
				93987E16284B762900A7A602 /* DriveFolderTableViewController.swift */,
				93987E1C284B970100A7A602 /* KeychainManager.swift */,
				93BAAEC3284BE319008659B4 /* Resources */,
			);
			path = Droto;
			sourceTree = "<group>";
		};
		93F1AE07284B6A5300A6621D /* DrotoTests */ = {
			isa = PBXGroup;
			children = (
				93F1AE08284B6A5300A6621D /* DrotoTests.swift */,
			);
			path = DrotoTests;
			sourceTree = "<group>";
		};
		93F1AE11284B6A5300A6621D /* DrotoUITests */ = {
			isa = PBXGroup;
			children = (
				93F1AE12284B6A5300A6621D /* DrotoUITests.swift */,
				93F1AE14284B6A5300A6621D /* DrotoUITestsLaunchTests.swift */,
			);
			path = DrotoUITests;
			sourceTree = "<group>";
		};
/* End PBXGroup section */

/* Begin PBXNativeTarget section */
		93F1ADED284B6A5200A6621D /* Droto */ = {
			isa = PBXNativeTarget;
			buildConfigurationList = 93F1AE18284B6A5300A6621D /* Build configuration list for PBXNativeTarget "Droto" */;
			buildPhases = (
				93F1ADEA284B6A5200A6621D /* Sources */,
				93F1ADEB284B6A5200A6621D /* Frameworks */,
				93F1ADEC284B6A5200A6621D /* Resources */,
			);
			buildRules = (
			);
			dependencies = (
			);
			name = Droto;
			packageProductDependencies = (
				93987E12284B72F200A7A602 /* KeychainAccess */,
				93BAAEC9284BE547008659B4 /* Kingfisher */,
				93E174F9284D2DB7001A4B1A /* FirebaseAuth */,
				93E174FB284D2DB7001A4B1A /* FirebaseDatabaseSwift */,
				93E17500284D316A001A4B1A /* GoogleSignIn */,
			);
			productName = Droto;
			productReference = 93F1ADEE284B6A5200A6621D /* Droto.app */;
			productType = "com.apple.product-type.application";
		};
		93F1AE03284B6A5300A6621D /* DrotoTests */ = {
			isa = PBXNativeTarget;
			buildConfigurationList = 93F1AE1B284B6A5300A6621D /* Build configuration list for PBXNativeTarget "DrotoTests" */;
			buildPhases = (
				93F1AE00284B6A5300A6621D /* Sources */,
				93F1AE01284B6A5300A6621D /* Frameworks */,
				93F1AE02284B6A5300A6621D /* Resources */,
			);
			buildRules = (
			);
			dependencies = (
				93F1AE06284B6A5300A6621D /* PBXTargetDependency */,
			);
			name = DrotoTests;
			productName = DrotoTests;
			productReference = 93F1AE04284B6A5300A6621D /* DrotoTests.xctest */;
			productType = "com.apple.product-type.bundle.unit-test";
		};
		93F1AE0D284B6A5300A6621D /* DrotoUITests */ = {
			isa = PBXNativeTarget;
			buildConfigurationList = 93F1AE1E284B6A5300A6621D /* Build configuration list for PBXNativeTarget "DrotoUITests" */;
			buildPhases = (
				93F1AE0A284B6A5300A6621D /* Sources */,
				93F1AE0B284B6A5300A6621D /* Frameworks */,
				93F1AE0C284B6A5300A6621D /* Resources */,
			);
			buildRules = (
			);
			dependencies = (
				93F1AE10284B6A5300A6621D /* PBXTargetDependency */,
			);
			name = DrotoUITests;
			productName = DrotoUITests;
			productReference = 93F1AE0E284B6A5300A6621D /* DrotoUITests.xctest */;
			productType = "com.apple.product-type.bundle.ui-testing";
		};
/* End PBXNativeTarget section */

/* Begin PBXProject section */
		93F1ADE6284B6A5200A6621D /* Project object */ = {
			isa = PBXProject;
			attributes = {
				BuildIndependentTargetsInParallel = 1;
				LastSwiftUpdateCheck = 1340;
				LastUpgradeCheck = 1340;
				TargetAttributes = {
					93F1ADED284B6A5200A6621D = {
						CreatedOnToolsVersion = 13.4;
					};
					93F1AE03284B6A5300A6621D = {
						CreatedOnToolsVersion = 13.4;
						TestTargetID = 93F1ADED284B6A5200A6621D;
					};
					93F1AE0D284B6A5300A6621D = {
						CreatedOnToolsVersion = 13.4;
						TestTargetID = 93F1ADED284B6A5200A6621D;
					};
				};
			};
			buildConfigurationList = 93F1ADE9284B6A5200A6621D /* Build configuration list for PBXProject "Droto" */;
			compatibilityVersion = "Xcode 13.0";
			developmentRegion = en;
			hasScannedForEncodings = 0;
			knownRegions = (
				en,
				Base,
			);
			mainGroup = 93F1ADE5284B6A5200A6621D;
			packageReferences = (
				93987E10284B71F100A7A602 /* XCRemoteSwiftPackageReference "KeychainAccess" */,
				93BAAEC8284BE516008659B4 /* XCRemoteSwiftPackageReference "Kingfisher" */,
				93E174F8284D2DB7001A4B1A /* XCRemoteSwiftPackageReference "firebase-ios-sdk" */,
				93E174FD284D30C2001A4B1A /* XCRemoteSwiftPackageReference "GoogleSignIn-iOS" */,
			);
			productRefGroup = 93F1ADEF284B6A5200A6621D /* Products */;
			projectDirPath = "";
			projectRoot = "";
			targets = (
				93F1ADED284B6A5200A6621D /* Droto */,
				93F1AE03284B6A5300A6621D /* DrotoTests */,
				93F1AE0D284B6A5300A6621D /* DrotoUITests */,
			);
		};
/* End PBXProject section */

/* Begin PBXResourcesBuildPhase section */
		93F1ADEC284B6A5200A6621D /* Resources */ = {
			isa = PBXResourcesBuildPhase;
			buildActionMask = 2147483647;
			files = (
				93F1ADFE284B6A5300A6621D /* LaunchScreen.storyboard in Resources */,
				93BAAED4284D1996008659B4 /* GoogleService-Info.plist in Resources */,
				93987E19284B806700A7A602 /* google-oauth.plist in Resources */,
				93F1ADFB284B6A5300A6621D /* Assets.xcassets in Resources */,
			);
			runOnlyForDeploymentPostprocessing = 0;
		};
		93F1AE02284B6A5300A6621D /* Resources */ = {
			isa = PBXResourcesBuildPhase;
			buildActionMask = 2147483647;
			files = (
			);
			runOnlyForDeploymentPostprocessing = 0;
		};
		93F1AE0C284B6A5300A6621D /* Resources */ = {
			isa = PBXResourcesBuildPhase;
			buildActionMask = 2147483647;
			files = (
			);
			runOnlyForDeploymentPostprocessing = 0;
		};
/* End PBXResourcesBuildPhase section */

/* Begin PBXSourcesBuildPhase section */
		93F1ADEA284B6A5200A6621D /* Sources */ = {
			isa = PBXSourcesBuildPhase;
			buildActionMask = 2147483647;
			files = (
				93987E1F284B9BFF00A7A602 /* GoogleDriveClient.swift in Sources */,
				93BAAEBA284BE186008659B4 /* RefreshAccessEndpoint.swift in Sources */,
				93987E21284B9E0300A7A602 /* About.swift in Sources */,
				93987E17284B762900A7A602 /* DriveFolderTableViewController.swift in Sources */,
				93987E15284B757B00A7A602 /* AuthViewController.swift in Sources */,
				93987E1B284B8E3500A7A602 /* GoogleOauth.swift in Sources */,
				93BAAEBE284BE1EB008659B4 /* AboutEndpoint.swift in Sources */,
				93E1750A284D44D1001A4B1A /* AuthProvider.swift in Sources */,
				93E17506284D4448001A4B1A /* GoogleDriveAuth.swift in Sources */,
				93BAAEC2284BE2AD008659B4 /* HTTPClient.swift in Sources */,
				93BAAED2284CB95D008659B4 /* SyncState.swift in Sources */,
				93F1ADF2284B6A5200A6621D /* AppDelegate.swift in Sources */,
				93F1ADF4284B6A5200A6621D /* SceneDelegate.swift in Sources */,
				93BAAEC7284BE43F008659B4 /* ThumbnailCell.swift in Sources */,
				93BAAECC284BE7D8008659B4 /* UITableView+Utils.swift in Sources */,
				93987E25284BAEF900A7A602 /* HTTPStatusCode.swift in Sources */,
				93BAAEBC284BE1D1008659B4 /* Endpoint.swift in Sources */,
				93987E23284BA92C00A7A602 /* ListFilesEndpoint.swift in Sources */,
				93BAAEB8284BE14E008659B4 /* ExchangeAuthCodeForTokenEndpoint.swift in Sources */,
				93BAAEC0284BE249008659B4 /* HTTPMethod.swift in Sources */,
				93BAAEB5284BE0D5008659B4 /* File.swift in Sources */,
				93E17508284D448F001A4B1A /* FirebaseAuth.swift in Sources */,
				93987E1D284B970100A7A602 /* KeychainManager.swift in Sources */,
				93BAAEB3284BE0A7008659B4 /* MimeType.swift in Sources */,
				93BAAECE284BF76B008659B4 /* DownloadFileEndpoint.swift in Sources */,
				93BAAEC5284BE346008659B4 /* Folder.swift in Sources */,
				93BAAED0284CAB4F008659B4 /* ImageSyncManager.swift in Sources */,
				93E17503284D3632001A4B1A /* AuthCoordinator.swift in Sources */,
			);
			runOnlyForDeploymentPostprocessing = 0;
		};
		93F1AE00284B6A5300A6621D /* Sources */ = {
			isa = PBXSourcesBuildPhase;
			buildActionMask = 2147483647;
			files = (
				93F1AE09284B6A5300A6621D /* DrotoTests.swift in Sources */,
			);
			runOnlyForDeploymentPostprocessing = 0;
		};
		93F1AE0A284B6A5300A6621D /* Sources */ = {
			isa = PBXSourcesBuildPhase;
			buildActionMask = 2147483647;
			files = (
				93F1AE13284B6A5300A6621D /* DrotoUITests.swift in Sources */,
				93F1AE15284B6A5300A6621D /* DrotoUITestsLaunchTests.swift in Sources */,
			);
			runOnlyForDeploymentPostprocessing = 0;
		};
/* End PBXSourcesBuildPhase section */

/* Begin PBXTargetDependency section */
		93F1AE06284B6A5300A6621D /* PBXTargetDependency */ = {
			isa = PBXTargetDependency;
			target = 93F1ADED284B6A5200A6621D /* Droto */;
			targetProxy = 93F1AE05284B6A5300A6621D /* PBXContainerItemProxy */;
		};
		93F1AE10284B6A5300A6621D /* PBXTargetDependency */ = {
			isa = PBXTargetDependency;
			target = 93F1ADED284B6A5200A6621D /* Droto */;
			targetProxy = 93F1AE0F284B6A5300A6621D /* PBXContainerItemProxy */;
		};
/* End PBXTargetDependency section */

/* Begin PBXVariantGroup section */
		93F1ADFC284B6A5300A6621D /* LaunchScreen.storyboard */ = {
			isa = PBXVariantGroup;
			children = (
				93F1ADFD284B6A5300A6621D /* Base */,
			);
			name = LaunchScreen.storyboard;
			sourceTree = "<group>";
		};
/* End PBXVariantGroup section */

/* Begin XCBuildConfiguration section */
		93F1AE16284B6A5300A6621D /* Debug */ = {
			isa = XCBuildConfiguration;
			buildSettings = {
				ALWAYS_SEARCH_USER_PATHS = NO;
				CLANG_ANALYZER_NONNULL = YES;
				CLANG_ANALYZER_NUMBER_OBJECT_CONVERSION = YES_AGGRESSIVE;
				CLANG_CXX_LANGUAGE_STANDARD = "gnu++17";
				CLANG_ENABLE_MODULES = YES;
				CLANG_ENABLE_OBJC_ARC = YES;
				CLANG_ENABLE_OBJC_WEAK = YES;
				CLANG_WARN_BLOCK_CAPTURE_AUTORELEASING = YES;
				CLANG_WARN_BOOL_CONVERSION = YES;
				CLANG_WARN_COMMA = YES;
				CLANG_WARN_CONSTANT_CONVERSION = YES;
				CLANG_WARN_DEPRECATED_OBJC_IMPLEMENTATIONS = YES;
				CLANG_WARN_DIRECT_OBJC_ISA_USAGE = YES_ERROR;
				CLANG_WARN_DOCUMENTATION_COMMENTS = YES;
				CLANG_WARN_EMPTY_BODY = YES;
				CLANG_WARN_ENUM_CONVERSION = YES;
				CLANG_WARN_INFINITE_RECURSION = YES;
				CLANG_WARN_INT_CONVERSION = YES;
				CLANG_WARN_NON_LITERAL_NULL_CONVERSION = YES;
				CLANG_WARN_OBJC_IMPLICIT_RETAIN_SELF = YES;
				CLANG_WARN_OBJC_LITERAL_CONVERSION = YES;
				CLANG_WARN_OBJC_ROOT_CLASS = YES_ERROR;
				CLANG_WARN_QUOTED_INCLUDE_IN_FRAMEWORK_HEADER = YES;
				CLANG_WARN_RANGE_LOOP_ANALYSIS = YES;
				CLANG_WARN_STRICT_PROTOTYPES = YES;
				CLANG_WARN_SUSPICIOUS_MOVE = YES;
				CLANG_WARN_UNGUARDED_AVAILABILITY = YES_AGGRESSIVE;
				CLANG_WARN_UNREACHABLE_CODE = YES;
				CLANG_WARN__DUPLICATE_METHOD_MATCH = YES;
				COPY_PHASE_STRIP = NO;
				DEBUG_INFORMATION_FORMAT = dwarf;
				ENABLE_STRICT_OBJC_MSGSEND = YES;
				ENABLE_TESTABILITY = YES;
				GCC_C_LANGUAGE_STANDARD = gnu11;
				GCC_DYNAMIC_NO_PIC = NO;
				GCC_NO_COMMON_BLOCKS = YES;
				GCC_OPTIMIZATION_LEVEL = 0;
				GCC_PREPROCESSOR_DEFINITIONS = (
					"DEBUG=1",
					"$(inherited)",
				);
				GCC_WARN_64_TO_32_BIT_CONVERSION = YES;
				GCC_WARN_ABOUT_RETURN_TYPE = YES_ERROR;
				GCC_WARN_UNDECLARED_SELECTOR = YES;
				GCC_WARN_UNINITIALIZED_AUTOS = YES_AGGRESSIVE;
				GCC_WARN_UNUSED_FUNCTION = YES;
				GCC_WARN_UNUSED_VARIABLE = YES;
				IPHONEOS_DEPLOYMENT_TARGET = 15.5;
				MTL_ENABLE_DEBUG_INFO = INCLUDE_SOURCE;
				MTL_FAST_MATH = YES;
				ONLY_ACTIVE_ARCH = YES;
				SDKROOT = iphoneos;
				SWIFT_ACTIVE_COMPILATION_CONDITIONS = DEBUG;
				SWIFT_OPTIMIZATION_LEVEL = "-Onone";
			};
			name = Debug;
		};
		93F1AE17284B6A5300A6621D /* Release */ = {
			isa = XCBuildConfiguration;
			buildSettings = {
				ALWAYS_SEARCH_USER_PATHS = NO;
				CLANG_ANALYZER_NONNULL = YES;
				CLANG_ANALYZER_NUMBER_OBJECT_CONVERSION = YES_AGGRESSIVE;
				CLANG_CXX_LANGUAGE_STANDARD = "gnu++17";
				CLANG_ENABLE_MODULES = YES;
				CLANG_ENABLE_OBJC_ARC = YES;
				CLANG_ENABLE_OBJC_WEAK = YES;
				CLANG_WARN_BLOCK_CAPTURE_AUTORELEASING = YES;
				CLANG_WARN_BOOL_CONVERSION = YES;
				CLANG_WARN_COMMA = YES;
				CLANG_WARN_CONSTANT_CONVERSION = YES;
				CLANG_WARN_DEPRECATED_OBJC_IMPLEMENTATIONS = YES;
				CLANG_WARN_DIRECT_OBJC_ISA_USAGE = YES_ERROR;
				CLANG_WARN_DOCUMENTATION_COMMENTS = YES;
				CLANG_WARN_EMPTY_BODY = YES;
				CLANG_WARN_ENUM_CONVERSION = YES;
				CLANG_WARN_INFINITE_RECURSION = YES;
				CLANG_WARN_INT_CONVERSION = YES;
				CLANG_WARN_NON_LITERAL_NULL_CONVERSION = YES;
				CLANG_WARN_OBJC_IMPLICIT_RETAIN_SELF = YES;
				CLANG_WARN_OBJC_LITERAL_CONVERSION = YES;
				CLANG_WARN_OBJC_ROOT_CLASS = YES_ERROR;
				CLANG_WARN_QUOTED_INCLUDE_IN_FRAMEWORK_HEADER = YES;
				CLANG_WARN_RANGE_LOOP_ANALYSIS = YES;
				CLANG_WARN_STRICT_PROTOTYPES = YES;
				CLANG_WARN_SUSPICIOUS_MOVE = YES;
				CLANG_WARN_UNGUARDED_AVAILABILITY = YES_AGGRESSIVE;
				CLANG_WARN_UNREACHABLE_CODE = YES;
				CLANG_WARN__DUPLICATE_METHOD_MATCH = YES;
				COPY_PHASE_STRIP = NO;
				DEBUG_INFORMATION_FORMAT = "dwarf-with-dsym";
				ENABLE_NS_ASSERTIONS = NO;
				ENABLE_STRICT_OBJC_MSGSEND = YES;
				GCC_C_LANGUAGE_STANDARD = gnu11;
				GCC_NO_COMMON_BLOCKS = YES;
				GCC_WARN_64_TO_32_BIT_CONVERSION = YES;
				GCC_WARN_ABOUT_RETURN_TYPE = YES_ERROR;
				GCC_WARN_UNDECLARED_SELECTOR = YES;
				GCC_WARN_UNINITIALIZED_AUTOS = YES_AGGRESSIVE;
				GCC_WARN_UNUSED_FUNCTION = YES;
				GCC_WARN_UNUSED_VARIABLE = YES;
				IPHONEOS_DEPLOYMENT_TARGET = 15.5;
				MTL_ENABLE_DEBUG_INFO = NO;
				MTL_FAST_MATH = YES;
				SDKROOT = iphoneos;
				SWIFT_COMPILATION_MODE = wholemodule;
				SWIFT_OPTIMIZATION_LEVEL = "-O";
				VALIDATE_PRODUCT = YES;
			};
			name = Release;
		};
		93F1AE19284B6A5300A6621D /* Debug */ = {
			isa = XCBuildConfiguration;
			buildSettings = {
				ASSETCATALOG_COMPILER_APPICON_NAME = AppIcon;
				ASSETCATALOG_COMPILER_GLOBAL_ACCENT_COLOR_NAME = AccentColor;
				CODE_SIGN_STYLE = Automatic;
				CURRENT_PROJECT_VERSION = 1;
				GENERATE_INFOPLIST_FILE = YES;
				INFOPLIST_FILE = Droto/Resources/Info.plist;
				INFOPLIST_KEY_NSPhotoLibraryAddUsageDescription = "To keep your photos in sync";
				INFOPLIST_KEY_NSPhotoLibraryUsageDescription = "To use photos, duh";
				INFOPLIST_KEY_UIApplicationSupportsIndirectInputEvents = YES;
				INFOPLIST_KEY_UILaunchStoryboardName = LaunchScreen;
				INFOPLIST_KEY_UISupportedInterfaceOrientations_iPad = "UIInterfaceOrientationPortrait UIInterfaceOrientationPortraitUpsideDown UIInterfaceOrientationLandscapeLeft UIInterfaceOrientationLandscapeRight";
				INFOPLIST_KEY_UISupportedInterfaceOrientations_iPhone = "UIInterfaceOrientationPortrait UIInterfaceOrientationLandscapeLeft UIInterfaceOrientationLandscapeRight";
				LD_RUNPATH_SEARCH_PATHS = (
					"$(inherited)",
					"@executable_path/Frameworks",
				);
				MARKETING_VERSION = 0.1;
				PRODUCT_BUNDLE_IDENTIFIER = dev.kylejs.Droto;
				PRODUCT_NAME = "$(TARGET_NAME)";
				SWIFT_EMIT_LOC_STRINGS = YES;
				SWIFT_VERSION = 5.0;
				TARGETED_DEVICE_FAMILY = "1,2";
			};
			name = Debug;
		};
		93F1AE1A284B6A5300A6621D /* Release */ = {
			isa = XCBuildConfiguration;
			buildSettings = {
				ASSETCATALOG_COMPILER_APPICON_NAME = AppIcon;
				ASSETCATALOG_COMPILER_GLOBAL_ACCENT_COLOR_NAME = AccentColor;
				CODE_SIGN_STYLE = Automatic;
				CURRENT_PROJECT_VERSION = 1;
				GENERATE_INFOPLIST_FILE = YES;
				INFOPLIST_FILE = Droto/Resources/Info.plist;
				INFOPLIST_KEY_NSPhotoLibraryAddUsageDescription = "To keep your photos in sync";
				INFOPLIST_KEY_NSPhotoLibraryUsageDescription = "To use photos, duh";
				INFOPLIST_KEY_UIApplicationSupportsIndirectInputEvents = YES;
				INFOPLIST_KEY_UILaunchStoryboardName = LaunchScreen;
				INFOPLIST_KEY_UISupportedInterfaceOrientations_iPad = "UIInterfaceOrientationPortrait UIInterfaceOrientationPortraitUpsideDown UIInterfaceOrientationLandscapeLeft UIInterfaceOrientationLandscapeRight";
				INFOPLIST_KEY_UISupportedInterfaceOrientations_iPhone = "UIInterfaceOrientationPortrait UIInterfaceOrientationLandscapeLeft UIInterfaceOrientationLandscapeRight";
				LD_RUNPATH_SEARCH_PATHS = (
					"$(inherited)",
					"@executable_path/Frameworks",
				);
				MARKETING_VERSION = 0.1;
				PRODUCT_BUNDLE_IDENTIFIER = dev.kylejs.Droto;
				PRODUCT_NAME = "$(TARGET_NAME)";
				SWIFT_EMIT_LOC_STRINGS = YES;
				SWIFT_VERSION = 5.0;
				TARGETED_DEVICE_FAMILY = "1,2";
			};
			name = Release;
		};
		93F1AE1C284B6A5300A6621D /* Debug */ = {
			isa = XCBuildConfiguration;
			buildSettings = {
				ALWAYS_EMBED_SWIFT_STANDARD_LIBRARIES = YES;
				BUNDLE_LOADER = "$(TEST_HOST)";
				CODE_SIGN_STYLE = Automatic;
				CURRENT_PROJECT_VERSION = 1;
				GENERATE_INFOPLIST_FILE = YES;
				IPHONEOS_DEPLOYMENT_TARGET = 15.5;
				MARKETING_VERSION = 1.0;
				PRODUCT_BUNDLE_IDENTIFIER = dev.kylejs.DrotoTests;
				PRODUCT_NAME = "$(TARGET_NAME)";
				SWIFT_EMIT_LOC_STRINGS = NO;
				SWIFT_VERSION = 5.0;
				TARGETED_DEVICE_FAMILY = "1,2";
				TEST_HOST = "$(BUILT_PRODUCTS_DIR)/Droto.app/Droto";
			};
			name = Debug;
		};
		93F1AE1D284B6A5300A6621D /* Release */ = {
			isa = XCBuildConfiguration;
			buildSettings = {
				ALWAYS_EMBED_SWIFT_STANDARD_LIBRARIES = YES;
				BUNDLE_LOADER = "$(TEST_HOST)";
				CODE_SIGN_STYLE = Automatic;
				CURRENT_PROJECT_VERSION = 1;
				GENERATE_INFOPLIST_FILE = YES;
				IPHONEOS_DEPLOYMENT_TARGET = 15.5;
				MARKETING_VERSION = 1.0;
				PRODUCT_BUNDLE_IDENTIFIER = dev.kylejs.DrotoTests;
				PRODUCT_NAME = "$(TARGET_NAME)";
				SWIFT_EMIT_LOC_STRINGS = NO;
				SWIFT_VERSION = 5.0;
				TARGETED_DEVICE_FAMILY = "1,2";
				TEST_HOST = "$(BUILT_PRODUCTS_DIR)/Droto.app/Droto";
			};
			name = Release;
		};
		93F1AE1F284B6A5300A6621D /* Debug */ = {
			isa = XCBuildConfiguration;
			buildSettings = {
				ALWAYS_EMBED_SWIFT_STANDARD_LIBRARIES = YES;
				CODE_SIGN_STYLE = Automatic;
				CURRENT_PROJECT_VERSION = 1;
				GENERATE_INFOPLIST_FILE = YES;
				MARKETING_VERSION = 1.0;
				PRODUCT_BUNDLE_IDENTIFIER = dev.kylejs.DrotoUITests;
				PRODUCT_NAME = "$(TARGET_NAME)";
				SWIFT_EMIT_LOC_STRINGS = NO;
				SWIFT_VERSION = 5.0;
				TARGETED_DEVICE_FAMILY = "1,2";
				TEST_TARGET_NAME = Droto;
			};
			name = Debug;
		};
		93F1AE20284B6A5300A6621D /* Release */ = {
			isa = XCBuildConfiguration;
			buildSettings = {
				ALWAYS_EMBED_SWIFT_STANDARD_LIBRARIES = YES;
				CODE_SIGN_STYLE = Automatic;
				CURRENT_PROJECT_VERSION = 1;
				GENERATE_INFOPLIST_FILE = YES;
				MARKETING_VERSION = 1.0;
				PRODUCT_BUNDLE_IDENTIFIER = dev.kylejs.DrotoUITests;
				PRODUCT_NAME = "$(TARGET_NAME)";
				SWIFT_EMIT_LOC_STRINGS = NO;
				SWIFT_VERSION = 5.0;
				TARGETED_DEVICE_FAMILY = "1,2";
				TEST_TARGET_NAME = Droto;
			};
			name = Release;
		};
/* End XCBuildConfiguration section */

/* Begin XCConfigurationList section */
		93F1ADE9284B6A5200A6621D /* Build configuration list for PBXProject "Droto" */ = {
			isa = XCConfigurationList;
			buildConfigurations = (
				93F1AE16284B6A5300A6621D /* Debug */,
				93F1AE17284B6A5300A6621D /* Release */,
			);
			defaultConfigurationIsVisible = 0;
			defaultConfigurationName = Release;
		};
		93F1AE18284B6A5300A6621D /* Build configuration list for PBXNativeTarget "Droto" */ = {
			isa = XCConfigurationList;
			buildConfigurations = (
				93F1AE19284B6A5300A6621D /* Debug */,
				93F1AE1A284B6A5300A6621D /* Release */,
			);
			defaultConfigurationIsVisible = 0;
			defaultConfigurationName = Release;
		};
		93F1AE1B284B6A5300A6621D /* Build configuration list for PBXNativeTarget "DrotoTests" */ = {
			isa = XCConfigurationList;
			buildConfigurations = (
				93F1AE1C284B6A5300A6621D /* Debug */,
				93F1AE1D284B6A5300A6621D /* Release */,
			);
			defaultConfigurationIsVisible = 0;
			defaultConfigurationName = Release;
		};
		93F1AE1E284B6A5300A6621D /* Build configuration list for PBXNativeTarget "DrotoUITests" */ = {
			isa = XCConfigurationList;
			buildConfigurations = (
				93F1AE1F284B6A5300A6621D /* Debug */,
				93F1AE20284B6A5300A6621D /* Release */,
			);
			defaultConfigurationIsVisible = 0;
			defaultConfigurationName = Release;
		};
/* End XCConfigurationList section */

/* Begin XCRemoteSwiftPackageReference section */
		93987E10284B71F100A7A602 /* XCRemoteSwiftPackageReference "KeychainAccess" */ = {
			isa = XCRemoteSwiftPackageReference;
			repositoryURL = "https://github.com/kishikawakatsumi/KeychainAccess.git";
			requirement = {
				kind = upToNextMajorVersion;
				minimumVersion = 4.0.0;
			};
		};
		93BAAEC8284BE516008659B4 /* XCRemoteSwiftPackageReference "Kingfisher" */ = {
			isa = XCRemoteSwiftPackageReference;
			repositoryURL = "https://github.com/onevcat/Kingfisher.git";
			requirement = {
				kind = upToNextMajorVersion;
				minimumVersion = 7.0.0;
			};
		};
		93E174F8284D2DB7001A4B1A /* XCRemoteSwiftPackageReference "firebase-ios-sdk" */ = {
			isa = XCRemoteSwiftPackageReference;
			repositoryURL = "https://github.com/firebase/firebase-ios-sdk";
			requirement = {
				kind = upToNextMajorVersion;
				minimumVersion = 9.0.0;
			};
		};
		93E174FD284D30C2001A4B1A /* XCRemoteSwiftPackageReference "GoogleSignIn-iOS" */ = {
			isa = XCRemoteSwiftPackageReference;
			repositoryURL = "https://github.com/google/GoogleSignIn-iOS/";
			requirement = {
				kind = upToNextMajorVersion;
				minimumVersion = 6.0.0;
			};
		};
/* End XCRemoteSwiftPackageReference section */

/* Begin XCSwiftPackageProductDependency section */
		93987E12284B72F200A7A602 /* KeychainAccess */ = {
			isa = XCSwiftPackageProductDependency;
			package = 93987E10284B71F100A7A602 /* XCRemoteSwiftPackageReference "KeychainAccess" */;
			productName = KeychainAccess;
		};
		93BAAEC9284BE547008659B4 /* Kingfisher */ = {
			isa = XCSwiftPackageProductDependency;
			package = 93BAAEC8284BE516008659B4 /* XCRemoteSwiftPackageReference "Kingfisher" */;
			productName = Kingfisher;
		};
		93E174F9284D2DB7001A4B1A /* FirebaseAuth */ = {
			isa = XCSwiftPackageProductDependency;
			package = 93E174F8284D2DB7001A4B1A /* XCRemoteSwiftPackageReference "firebase-ios-sdk" */;
			productName = FirebaseAuth;
		};
		93E174FB284D2DB7001A4B1A /* FirebaseDatabaseSwift */ = {
			isa = XCSwiftPackageProductDependency;
			package = 93E174F8284D2DB7001A4B1A /* XCRemoteSwiftPackageReference "firebase-ios-sdk" */;
			productName = FirebaseDatabaseSwift;
		};
		93E17500284D316A001A4B1A /* GoogleSignIn */ = {
			isa = XCSwiftPackageProductDependency;
			package = 93E174FD284D30C2001A4B1A /* XCRemoteSwiftPackageReference "GoogleSignIn-iOS" */;
			productName = GoogleSignIn;
		};
/* End XCSwiftPackageProductDependency section */
	};
	rootObject = 93F1ADE6284B6A5200A6621D /* Project object */;
}
